// !$*UTF8*$!
{
	archiveVersion = 1;
	classes = {
	};
	objectVersion = 56;
	objects = {

/* Begin PBXBuildFile section */
		3F3A24E52BA372AB0051C218 /* AppDelegate.swift in Sources */ = {isa = PBXBuildFile; fileRef = 3F3A24E42BA372AB0051C218 /* AppDelegate.swift */; };
		3F3A24E72BA372AB0051C218 /* SceneDelegate.swift in Sources */ = {isa = PBXBuildFile; fileRef = 3F3A24E62BA372AB0051C218 /* SceneDelegate.swift */; };
		3F3A24E92BA372AB0051C218 /* ViewController.swift in Sources */ = {isa = PBXBuildFile; fileRef = 3F3A24E82BA372AB0051C218 /* ViewController.swift */; };
		3F3A24EC2BA372AB0051C218 /* Base in Resources */ = {isa = PBXBuildFile; fileRef = 3F3A24EB2BA372AB0051C218 /* Base */; };
		3F3A24EE2BA372AD0051C218 /* Assets.xcassets in Resources */ = {isa = PBXBuildFile; fileRef = 3F3A24ED2BA372AD0051C218 /* Assets.xcassets */; };
		3F3A24F12BA372AD0051C218 /* Base in Resources */ = {isa = PBXBuildFile; fileRef = 3F3A24F02BA372AD0051C218 /* Base */; };
		3F3A24FC2BA372AD0051C218 /* TableViewApp2Tests.swift in Sources */ = {isa = PBXBuildFile; fileRef = 3F3A24FB2BA372AD0051C218 /* TableViewApp2Tests.swift */; };
		3F3A25062BA372AD0051C218 /* TableViewApp2UITests.swift in Sources */ = {isa = PBXBuildFile; fileRef = 3F3A25052BA372AD0051C218 /* TableViewApp2UITests.swift */; };
		3F3A25082BA372AD0051C218 /* TableViewApp2UITestsLaunchTests.swift in Sources */ = {isa = PBXBuildFile; fileRef = 3F3A25072BA372AD0051C218 /* TableViewApp2UITestsLaunchTests.swift */; };
/* End PBXBuildFile section */

/* Begin PBXContainerItemProxy section */
		3F3A24F82BA372AD0051C218 /* PBXContainerItemProxy */ = {
			isa = PBXContainerItemProxy;
			containerPortal = 3F3A24D92BA372AB0051C218 /* Project object */;
			proxyType = 1;
			remoteGlobalIDString = 3F3A24E02BA372AB0051C218;
			remoteInfo = TableViewApp2;
		};
		3F3A25022BA372AD0051C218 /* PBXContainerItemProxy */ = {
			isa = PBXContainerItemProxy;
			containerPortal = 3F3A24D92BA372AB0051C218 /* Project object */;
			proxyType = 1;
			remoteGlobalIDString = 3F3A24E02BA372AB0051C218;
			remoteInfo = TableViewApp2;
		};
/* End PBXContainerItemProxy section */

/* Begin PBXFileReference section */
		3F3A24E12BA372AB0051C218 /* TableViewApp2.app */ = {isa = PBXFileReference; explicitFileType = wrapper.application; includeInIndex = 0; path = TableViewApp2.app; sourceTree = BUILT_PRODUCTS_DIR; };
		3F3A24E42BA372AB0051C218 /* AppDelegate.swift */ = {isa = PBXFileReference; lastKnownFileType = sourcecode.swift; path = AppDelegate.swift; sourceTree = "<group>"; };
		3F3A24E62BA372AB0051C218 /* SceneDelegate.swift */ = {isa = PBXFileReference; lastKnownFileType = sourcecode.swift; path = SceneDelegate.swift; sourceTree = "<group>"; };
		3F3A24E82BA372AB0051C218 /* ViewController.swift */ = {isa = PBXFileReference; lastKnownFileType = sourcecode.swift; path = ViewController.swift; sourceTree = "<group>"; };
		3F3A24EB2BA372AB0051C218 /* Base */ = {isa = PBXFileReference; lastKnownFileType = file.storyboard; name = Base; path = Base.lproj/Main.storyboard; sourceTree = "<group>"; };
		3F3A24ED2BA372AD0051C218 /* Assets.xcassets */ = {isa = PBXFileReference; lastKnownFileType = folder.assetcatalog; path = Assets.xcassets; sourceTree = "<group>"; };
		3F3A24F02BA372AD0051C218 /* Base */ = {isa = PBXFileReference; lastKnownFileType = file.storyboard; name = Base; path = Base.lproj/LaunchScreen.storyboard; sourceTree = "<group>"; };
		3F3A24F22BA372AD0051C218 /* Info.plist */ = {isa = PBXFileReference; lastKnownFileType = text.plist.xml; path = Info.plist; sourceTree = "<group>"; };
		3F3A24F72BA372AD0051C218 /* TableViewApp2Tests.xctest */ = {isa = PBXFileReference; explicitFileType = wrapper.cfbundle; includeInIndex = 0; path = TableViewApp2Tests.xctest; sourceTree = BUILT_PRODUCTS_DIR; };
		3F3A24FB2BA372AD0051C218 /* TableViewApp2Tests.swift */ = {isa = PBXFileReference; lastKnownFileType = sourcecode.swift; path = TableViewApp2Tests.swift; sourceTree = "<group>"; };
		3F3A25012BA372AD0051C218 /* TableViewApp2UITests.xctest */ = {isa = PBXFileReference; explicitFileType = wrapper.cfbundle; includeInIndex = 0; path = TableViewApp2UITests.xctest; sourceTree = BUILT_PRODUCTS_DIR; };
		3F3A25052BA372AD0051C218 /* TableViewApp2UITests.swift */ = {isa = PBXFileReference; lastKnownFileType = sourcecode.swift; path = TableViewApp2UITests.swift; sourceTree = "<group>"; };
		3F3A25072BA372AD0051C218 /* TableViewApp2UITestsLaunchTests.swift */ = {isa = PBXFileReference; lastKnownFileType = sourcecode.swift; path = TableViewApp2UITestsLaunchTests.swift; sourceTree = "<group>"; };
/* End PBXFileReference section */

/* Begin PBXFrameworksBuildPhase section */
		3F3A24DE2BA372AB0051C218 /* Frameworks */ = {
			isa = PBXFrameworksBuildPhase;
			buildActionMask = 2147483647;
			files = (
			);
			runOnlyForDeploymentPostprocessing = 0;
		};
		3F3A24F42BA372AD0051C218 /* Frameworks */ = {
			isa = PBXFrameworksBuildPhase;
			buildActionMask = 2147483647;
			files = (
			);
			runOnlyForDeploymentPostprocessing = 0;
		};
		3F3A24FE2BA372AD0051C218 /* Frameworks */ = {
			isa = PBXFrameworksBuildPhase;
			buildActionMask = 2147483647;
			files = (
			);
			runOnlyForDeploymentPostprocessing = 0;
		};
/* End PBXFrameworksBuildPhase section */

/* Begin PBXGroup section */
		3F3A24D82BA372AB0051C218 = {
			isa = PBXGroup;
			children = (
				3F3A24E32BA372AB0051C218 /* TableViewApp2 */,
				3F3A24FA2BA372AD0051C218 /* TableViewApp2Tests */,
				3F3A25042BA372AD0051C218 /* TableViewApp2UITests */,
				3F3A24E22BA372AB0051C218 /* Products */,
			);
			sourceTree = "<group>";
		};
		3F3A24E22BA372AB0051C218 /* Products */ = {
			isa = PBXGroup;
			children = (
				3F3A24E12BA372AB0051C218 /* TableViewApp2.app */,
				3F3A24F72BA372AD0051C218 /* TableViewApp2Tests.xctest */,
				3F3A25012BA372AD0051C218 /* TableViewApp2UITests.xctest */,
			);
			name = Products;
			sourceTree = "<group>";
		};
		3F3A24E32BA372AB0051C218 /* TableViewApp2 */ = {
			isa = PBXGroup;
			children = (
				3F3A24E42BA372AB0051C218 /* AppDelegate.swift */,
				3F3A24E62BA372AB0051C218 /* SceneDelegate.swift */,
				3F3A24E82BA372AB0051C218 /* ViewController.swift */,
				3F3A24EA2BA372AB0051C218 /* Main.storyboard */,
				3F3A24ED2BA372AD0051C218 /* Assets.xcassets */,
				3F3A24EF2BA372AD0051C218 /* LaunchScreen.storyboard */,
				3F3A24F22BA372AD0051C218 /* Info.plist */,
			);
			path = TableViewApp2;
			sourceTree = "<group>";
		};
		3F3A24FA2BA372AD0051C218 /* TableViewApp2Tests */ = {
			isa = PBXGroup;
			children = (
				3F3A24FB2BA372AD0051C218 /* TableViewApp2Tests.swift */,
			);
			path = TableViewApp2Tests;
			sourceTree = "<group>";
		};
		3F3A25042BA372AD0051C218 /* TableViewApp2UITests */ = {
			isa = PBXGroup;
			children = (
				3F3A25052BA372AD0051C218 /* TableViewApp2UITests.swift */,
				3F3A25072BA372AD0051C218 /* TableViewApp2UITestsLaunchTests.swift */,
			);
			path = TableViewApp2UITests;
			sourceTree = "<group>";
		};
/* End PBXGroup section */

/* Begin PBXNativeTarget section */
		3F3A24E02BA372AB0051C218 /* TableViewApp2 */ = {
			isa = PBXNativeTarget;
			buildConfigurationList = 3F3A250B2BA372AD0051C218 /* Build configuration list for PBXNativeTarget "TableViewApp2" */;
			buildPhases = (
				3F3A24DD2BA372AB0051C218 /* Sources */,
				3F3A24DE2BA372AB0051C218 /* Frameworks */,
				3F3A24DF2BA372AB0051C218 /* Resources */,
			);
			buildRules = (
			);
			dependencies = (
			);
			name = TableViewApp2;
			productName = TableViewApp2;
			productReference = 3F3A24E12BA372AB0051C218 /* TableViewApp2.app */;
			productType = "com.apple.product-type.application";
		};
		3F3A24F62BA372AD0051C218 /* TableViewApp2Tests */ = {
			isa = PBXNativeTarget;
			buildConfigurationList = 3F3A250E2BA372AD0051C218 /* Build configuration list for PBXNativeTarget "TableViewApp2Tests" */;
			buildPhases = (
				3F3A24F32BA372AD0051C218 /* Sources */,
				3F3A24F42BA372AD0051C218 /* Frameworks */,
				3F3A24F52BA372AD0051C218 /* Resources */,
			);
			buildRules = (
			);
			dependencies = (
				3F3A24F92BA372AD0051C218 /* PBXTargetDependency */,
			);
			name = TableViewApp2Tests;
			productName = TableViewApp2Tests;
			productReference = 3F3A24F72BA372AD0051C218 /* TableViewApp2Tests.xctest */;
			productType = "com.apple.product-type.bundle.unit-test";
		};
		3F3A25002BA372AD0051C218 /* TableViewApp2UITests */ = {
			isa = PBXNativeTarget;
			buildConfigurationList = 3F3A25112BA372AD0051C218 /* Build configuration list for PBXNativeTarget "TableViewApp2UITests" */;
			buildPhases = (
				3F3A24FD2BA372AD0051C218 /* Sources */,
				3F3A24FE2BA372AD0051C218 /* Frameworks */,
				3F3A24FF2BA372AD0051C218 /* Resources */,
			);
			buildRules = (
			);
			dependencies = (
				3F3A25032BA372AD0051C218 /* PBXTargetDependency */,
			);
			name = TableViewApp2UITests;
			productName = TableViewApp2UITests;
			productReference = 3F3A25012BA372AD0051C218 /* TableViewApp2UITests.xctest */;
			productType = "com.apple.product-type.bundle.ui-testing";
		};
/* End PBXNativeTarget section */

/* Begin PBXProject section */
		3F3A24D92BA372AB0051C218 /* Project object */ = {
			isa = PBXProject;
			attributes = {
				BuildIndependentTargetsInParallel = 1;
				LastSwiftUpdateCheck = 1530;
				LastUpgradeCheck = 1530;
				TargetAttributes = {
					3F3A24E02BA372AB0051C218 = {
						CreatedOnToolsVersion = 15.3;
					};
					3F3A24F62BA372AD0051C218 = {
						CreatedOnToolsVersion = 15.3;
						TestTargetID = 3F3A24E02BA372AB0051C218;
					};
					3F3A25002BA372AD0051C218 = {
						CreatedOnToolsVersion = 15.3;
						TestTargetID = 3F3A24E02BA372AB0051C218;
					};
				};
			};
			buildConfigurationList = 3F3A24DC2BA372AB0051C218 /* Build configuration list for PBXProject "TableViewApp2" */;
			compatibilityVersion = "Xcode 14.0";
			developmentRegion = en;
			hasScannedForEncodings = 0;
			knownRegions = (
				en,
				Base,
			);
			mainGroup = 3F3A24D82BA372AB0051C218;
			productRefGroup = 3F3A24E22BA372AB0051C218 /* Products */;
			projectDirPath = "";
			projectRoot = "";
			targets = (
				3F3A24E02BA372AB0051C218 /* TableViewApp2 */,
				3F3A24F62BA372AD0051C218 /* TableViewApp2Tests */,
				3F3A25002BA372AD0051C218 /* TableViewApp2UITests */,
			);
		};
/* End PBXProject section */

/* Begin PBXResourcesBuildPhase section */
		3F3A24DF2BA372AB0051C218 /* Resources */ = {
			isa = PBXResourcesBuildPhase;
			buildActionMask = 2147483647;
			files = (
				3F3A24EE2BA372AD0051C218 /* Assets.xcassets in Resources */,
				3F3A24F12BA372AD0051C218 /* Base in Resources */,
				3F3A24EC2BA372AB0051C218 /* Base in Resources */,
			);
			runOnlyForDeploymentPostprocessing = 0;
		};
		3F3A24F52BA372AD0051C218 /* Resources */ = {
			isa = PBXResourcesBuildPhase;
			buildActionMask = 2147483647;
			files = (
			);
			runOnlyForDeploymentPostprocessing = 0;
		};
		3F3A24FF2BA372AD0051C218 /* Resources */ = {
			isa = PBXResourcesBuildPhase;
			buildActionMask = 2147483647;
			files = (
			);
			runOnlyForDeploymentPostprocessing = 0;
		};
/* End PBXResourcesBuildPhase section */

/* Begin PBXSourcesBuildPhase section */
		3F3A24DD2BA372AB0051C218 /* Sources */ = {
			isa = PBXSourcesBuildPhase;
			buildActionMask = 2147483647;
			files = (
				3F3A24E92BA372AB0051C218 /* ViewController.swift in Sources */,
				3F3A24E52BA372AB0051C218 /* AppDelegate.swift in Sources */,
				3F3A24E72BA372AB0051C218 /* SceneDelegate.swift in Sources */,
			);
			runOnlyForDeploymentPostprocessing = 0;
		};
		3F3A24F32BA372AD0051C218 /* Sources */ = {
			isa = PBXSourcesBuildPhase;
			buildActionMask = 2147483647;
			files = (
				3F3A24FC2BA372AD0051C218 /* TableViewApp2Tests.swift in Sources */,
			);
			runOnlyForDeploymentPostprocessing = 0;
		};
		3F3A24FD2BA372AD0051C218 /* Sources */ = {
			isa = PBXSourcesBuildPhase;
			buildActionMask = 2147483647;
			files = (
				3F3A25062BA372AD0051C218 /* TableViewApp2UITests.swift in Sources */,
				3F3A25082BA372AD0051C218 /* TableViewApp2UITestsLaunchTests.swift in Sources */,
			);
			runOnlyForDeploymentPostprocessing = 0;
		};
/* End PBXSourcesBuildPhase section */

/* Begin PBXTargetDependency section */
		3F3A24F92BA372AD0051C218 /* PBXTargetDependency */ = {
			isa = PBXTargetDependency;
			target = 3F3A24E02BA372AB0051C218 /* TableViewApp2 */;
			targetProxy = 3F3A24F82BA372AD0051C218 /* PBXContainerItemProxy */;
		};
		3F3A25032BA372AD0051C218 /* PBXTargetDependency */ = {
			isa = PBXTargetDependency;
			target = 3F3A24E02BA372AB0051C218 /* TableViewApp2 */;
			targetProxy = 3F3A25022BA372AD0051C218 /* PBXContainerItemProxy */;
		};
/* End PBXTargetDependency section */

/* Begin PBXVariantGroup section */
		3F3A24EA2BA372AB0051C218 /* Main.storyboard */ = {
			isa = PBXVariantGroup;
			children = (
				3F3A24EB2BA372AB0051C218 /* Base */,
			);
			name = Main.storyboard;
			sourceTree = "<group>";
		};
		3F3A24EF2BA372AD0051C218 /* LaunchScreen.storyboard */ = {
			isa = PBXVariantGroup;
			children = (
				3F3A24F02BA372AD0051C218 /* Base */,
			);
			name = LaunchScreen.storyboard;
			sourceTree = "<group>";
		};
/* End PBXVariantGroup section */

/* Begin XCBuildConfiguration section */
		3F3A25092BA372AD0051C218 /* Debug */ = {
			isa = XCBuildConfiguration;
			buildSettings = {
				ALWAYS_SEARCH_USER_PATHS = NO;
				ASSETCATALOG_COMPILER_GENERATE_SWIFT_ASSET_SYMBOL_EXTENSIONS = YES;
				CLANG_ANALYZER_NONNULL = YES;
				CLANG_ANALYZER_NUMBER_OBJECT_CONVERSION = YES_AGGRESSIVE;
				CLANG_CXX_LANGUAGE_STANDARD = "gnu++20";
				CLANG_ENABLE_MODULES = YES;
				CLANG_ENABLE_OBJC_ARC = YES;
				CLANG_ENABLE_OBJC_WEAK = YES;
				CLANG_WARN_BLOCK_CAPTURE_AUTORELEASING = YES;
				CLANG_WARN_BOOL_CONVERSION = YES;
				CLANG_WARN_COMMA = YES;
				CLANG_WARN_CONSTANT_CONVERSION = YES;
				CLANG_WARN_DEPRECATED_OBJC_IMPLEMENTATIONS = YES;
				CLANG_WARN_DIRECT_OBJC_ISA_USAGE = YES_ERROR;
				CLANG_WARN_DOCUMENTATION_COMMENTS = YES;
				CLANG_WARN_EMPTY_BODY = YES;
				CLANG_WARN_ENUM_CONVERSION = YES;
				CLANG_WARN_INFINITE_RECURSION = YES;
				CLANG_WARN_INT_CONVERSION = YES;
				CLANG_WARN_NON_LITERAL_NULL_CONVERSION = YES;
				CLANG_WARN_OBJC_IMPLICIT_RETAIN_SELF = YES;
				CLANG_WARN_OBJC_LITERAL_CONVERSION = YES;
				CLANG_WARN_OBJC_ROOT_CLASS = YES_ERROR;
				CLANG_WARN_QUOTED_INCLUDE_IN_FRAMEWORK_HEADER = YES;
				CLANG_WARN_RANGE_LOOP_ANALYSIS = YES;
				CLANG_WARN_STRICT_PROTOTYPES = YES;
				CLANG_WARN_SUSPICIOUS_MOVE = YES;
				CLANG_WARN_UNGUARDED_AVAILABILITY = YES_AGGRESSIVE;
				CLANG_WARN_UNREACHABLE_CODE = YES;
				CLANG_WARN__DUPLICATE_METHOD_MATCH = YES;
				COPY_PHASE_STRIP = NO;
				DEBUG_INFORMATION_FORMAT = dwarf;
				ENABLE_STRICT_OBJC_MSGSEND = YES;
				ENABLE_TESTABILITY = YES;
				ENABLE_USER_SCRIPT_SANDBOXING = YES;
				GCC_C_LANGUAGE_STANDARD = gnu17;
				GCC_DYNAMIC_NO_PIC = NO;
				GCC_NO_COMMON_BLOCKS = YES;
				GCC_OPTIMIZATION_LEVEL = 0;
				GCC_PREPROCESSOR_DEFINITIONS = (
					"DEBUG=1",
					"$(inherited)",
				);
				GCC_WARN_64_TO_32_BIT_CONVERSION = YES;
				GCC_WARN_ABOUT_RETURN_TYPE = YES_ERROR;
				GCC_WARN_UNDECLARED_SELECTOR = YES;
				GCC_WARN_UNINITIALIZED_AUTOS = YES_AGGRESSIVE;
				GCC_WARN_UNUSED_FUNCTION = YES;
				GCC_WARN_UNUSED_VARIABLE = YES;
				IPHONEOS_DEPLOYMENT_TARGET = 17.4;
				LOCALIZATION_PREFERS_STRING_CATALOGS = YES;
				MTL_ENABLE_DEBUG_INFO = INCLUDE_SOURCE;
				MTL_FAST_MATH = YES;
				ONLY_ACTIVE_ARCH = YES;
				SDKROOT = iphoneos;
				SWIFT_ACTIVE_COMPILATION_CONDITIONS = "DEBUG $(inherited)";
				SWIFT_OPTIMIZATION_LEVEL = "-Onone";
			};
			name = Debug;
		};
		3F3A250A2BA372AD0051C218 /* Release */ = {
			isa = XCBuildConfiguration;
			buildSettings = {
				ALWAYS_SEARCH_USER_PATHS = NO;
				ASSETCATALOG_COMPILER_GENERATE_SWIFT_ASSET_SYMBOL_EXTENSIONS = YES;
				CLANG_ANALYZER_NONNULL = YES;
				CLANG_ANALYZER_NUMBER_OBJECT_CONVERSION = YES_AGGRESSIVE;
				CLANG_CXX_LANGUAGE_STANDARD = "gnu++20";
				CLANG_ENABLE_MODULES = YES;
				CLANG_ENABLE_OBJC_ARC = YES;
				CLANG_ENABLE_OBJC_WEAK = YES;
				CLANG_WARN_BLOCK_CAPTURE_AUTORELEASING = YES;
				CLANG_WARN_BOOL_CONVERSION = YES;
				CLANG_WARN_COMMA = YES;
				CLANG_WARN_CONSTANT_CONVERSION = YES;
				CLANG_WARN_DEPRECATED_OBJC_IMPLEMENTATIONS = YES;
				CLANG_WARN_DIRECT_OBJC_ISA_USAGE = YES_ERROR;
				CLANG_WARN_DOCUMENTATION_COMMENTS = YES;
				CLANG_WARN_EMPTY_BODY = YES;
				CLANG_WARN_ENUM_CONVERSION = YES;
				CLANG_WARN_INFINITE_RECURSION = YES;
				CLANG_WARN_INT_CONVERSION = YES;
				CLANG_WARN_NON_LITERAL_NULL_CONVERSION = YES;
				CLANG_WARN_OBJC_IMPLICIT_RETAIN_SELF = YES;
				CLANG_WARN_OBJC_LITERAL_CONVERSION = YES;
				CLANG_WARN_OBJC_ROOT_CLASS = YES_ERROR;
				CLANG_WARN_QUOTED_INCLUDE_IN_FRAMEWORK_HEADER = YES;
				CLANG_WARN_RANGE_LOOP_ANALYSIS = YES;
				CLANG_WARN_STRICT_PROTOTYPES = YES;
				CLANG_WARN_SUSPICIOUS_MOVE = YES;
				CLANG_WARN_UNGUARDED_AVAILABILITY = YES_AGGRESSIVE;
				CLANG_WARN_UNREACHABLE_CODE = YES;
				CLANG_WARN__DUPLICATE_METHOD_MATCH = YES;
				COPY_PHASE_STRIP = NO;
				DEBUG_INFORMATION_FORMAT = "dwarf-with-dsym";
				ENABLE_NS_ASSERTIONS = NO;
				ENABLE_STRICT_OBJC_MSGSEND = YES;
				ENABLE_USER_SCRIPT_SANDBOXING = YES;
				GCC_C_LANGUAGE_STANDARD = gnu17;
				GCC_NO_COMMON_BLOCKS = YES;
				GCC_WARN_64_TO_32_BIT_CONVERSION = YES;
				GCC_WARN_ABOUT_RETURN_TYPE = YES_ERROR;
				GCC_WARN_UNDECLARED_SELECTOR = YES;
				GCC_WARN_UNINITIALIZED_AUTOS = YES_AGGRESSIVE;
				GCC_WARN_UNUSED_FUNCTION = YES;
				GCC_WARN_UNUSED_VARIABLE = YES;
				IPHONEOS_DEPLOYMENT_TARGET = 17.4;
				LOCALIZATION_PREFERS_STRING_CATALOGS = YES;
				MTL_ENABLE_DEBUG_INFO = NO;
				MTL_FAST_MATH = YES;
				SDKROOT = iphoneos;
				SWIFT_COMPILATION_MODE = wholemodule;
				VALIDATE_PRODUCT = YES;
			};
			name = Release;
		};
		3F3A250C2BA372AD0051C218 /* Debug */ = {
			isa = XCBuildConfiguration;
			buildSettings = {
				ASSETCATALOG_COMPILER_APPICON_NAME = AppIcon;
				ASSETCATALOG_COMPILER_GLOBAL_ACCENT_COLOR_NAME = AccentColor;
				CODE_SIGN_STYLE = Automatic;
				CURRENT_PROJECT_VERSION = 1;
				GENERATE_INFOPLIST_FILE = YES;
				INFOPLIST_FILE = TableViewApp2/Info.plist;
				INFOPLIST_KEY_UIApplicationSupportsIndirectInputEvents = YES;
				INFOPLIST_KEY_UILaunchStoryboardName = LaunchScreen;
				INFOPLIST_KEY_UIMainStoryboardFile = Main;
				INFOPLIST_KEY_UISupportedInterfaceOrientations_iPad = "UIInterfaceOrientationPortrait UIInterfaceOrientationPortraitUpsideDown UIInterfaceOrientationLandscapeLeft UIInterfaceOrientationLandscapeRight";
				INFOPLIST_KEY_UISupportedInterfaceOrientations_iPhone = "UIInterfaceOrientationPortrait UIInterfaceOrientationLandscapeLeft UIInterfaceOrientationLandscapeRight";
				LD_RUNPATH_SEARCH_PATHS = (
					"$(inherited)",
					"@executable_path/Frameworks",
				);
				MARKETING_VERSION = 1.0;
				PRODUCT_BUNDLE_IDENTIFIER = KClay.TableViewApp2;
				PRODUCT_NAME = "$(TARGET_NAME)";
				SWIFT_EMIT_LOC_STRINGS = YES;
				SWIFT_VERSION = 5.0;
				TARGETED_DEVICE_FAMILY = "1,2";
			};
			name = Debug;
		};
		3F3A250D2BA372AD0051C218 /* Release */ = {
			isa = XCBuildConfiguration;
			buildSettings = {
				ASSETCATALOG_COMPILER_APPICON_NAME = AppIcon;
				ASSETCATALOG_COMPILER_GLOBAL_ACCENT_COLOR_NAME = AccentColor;
				CODE_SIGN_STYLE = Automatic;
				CURRENT_PROJECT_VERSION = 1;
				GENERATE_INFOPLIST_FILE = YES;
				INFOPLIST_FILE = TableViewApp2/Info.plist;
				INFOPLIST_KEY_UIApplicationSupportsIndirectInputEvents = YES;
				INFOPLIST_KEY_UILaunchStoryboardName = LaunchScreen;
				INFOPLIST_KEY_UIMainStoryboardFile = Main;
				INFOPLIST_KEY_UISupportedInterfaceOrientations_iPad = "UIInterfaceOrientationPortrait UIInterfaceOrientationPortraitUpsideDown UIInterfaceOrientationLandscapeLeft UIInterfaceOrientationLandscapeRight";
				INFOPLIST_KEY_UISupportedInterfaceOrientations_iPhone = "UIInterfaceOrientationPortrait UIInterfaceOrientationLandscapeLeft UIInterfaceOrientationLandscapeRight";
				LD_RUNPATH_SEARCH_PATHS = (
					"$(inherited)",
					"@executable_path/Frameworks",
				);
				MARKETING_VERSION = 1.0;
				PRODUCT_BUNDLE_IDENTIFIER = KClay.TableViewApp2;
				PRODUCT_NAME = "$(TARGET_NAME)";
				SWIFT_EMIT_LOC_STRINGS = YES;
				SWIFT_VERSION = 5.0;
				TARGETED_DEVICE_FAMILY = "1,2";
			};
			name = Release;
		};
		3F3A250F2BA372AD0051C218 /* Debug */ = {
			isa = XCBuildConfiguration;
			buildSettings = {
				ALWAYS_EMBED_SWIFT_STANDARD_LIBRARIES = YES;
				BUNDLE_LOADER = "$(TEST_HOST)";
				CODE_SIGN_STYLE = Automatic;
				CURRENT_PROJECT_VERSION = 1;
				GENERATE_INFOPLIST_FILE = YES;
				IPHONEOS_DEPLOYMENT_TARGET = 17.4;
				MARKETING_VERSION = 1.0;
				PRODUCT_BUNDLE_IDENTIFIER = KClay.TableViewApp2Tests;
				PRODUCT_NAME = "$(TARGET_NAME)";
				SWIFT_EMIT_LOC_STRINGS = NO;
				SWIFT_VERSION = 5.0;
				TARGETED_DEVICE_FAMILY = "1,2";
				TEST_HOST = "$(BUILT_PRODUCTS_DIR)/TableViewApp2.app/$(BUNDLE_EXECUTABLE_FOLDER_PATH)/TableViewApp2";
			};
			name = Debug;
		};
		3F3A25102BA372AD0051C218 /* Release */ = {
			isa = XCBuildConfiguration;
			buildSettings = {
				ALWAYS_EMBED_SWIFT_STANDARD_LIBRARIES = YES;
				BUNDLE_LOADER = "$(TEST_HOST)";
				CODE_SIGN_STYLE = Automatic;
				CURRENT_PROJECT_VERSION = 1;
				GENERATE_INFOPLIST_FILE = YES;
				IPHONEOS_DEPLOYMENT_TARGET = 17.4;
				MARKETING_VERSION = 1.0;
				PRODUCT_BUNDLE_IDENTIFIER = KClay.TableViewApp2Tests;
				PRODUCT_NAME = "$(TARGET_NAME)";
				SWIFT_EMIT_LOC_STRINGS = NO;
				SWIFT_VERSION = 5.0;
				TARGETED_DEVICE_FAMILY = "1,2";
				TEST_HOST = "$(BUILT_PRODUCTS_DIR)/TableViewApp2.app/$(BUNDLE_EXECUTABLE_FOLDER_PATH)/TableViewApp2";
			};
			name = Release;
		};
		3F3A25122BA372AD0051C218 /* Debug */ = {
			isa = XCBuildConfiguration;
			buildSettings = {
				ALWAYS_EMBED_SWIFT_STANDARD_LIBRARIES = YES;
				CODE_SIGN_STYLE = Automatic;
				CURRENT_PROJECT_VERSION = 1;
				GENERATE_INFOPLIST_FILE = YES;
				MARKETING_VERSION = 1.0;
				PRODUCT_BUNDLE_IDENTIFIER = KClay.TableViewApp2UITests;
				PRODUCT_NAME = "$(TARGET_NAME)";
				SWIFT_EMIT_LOC_STRINGS = NO;
				SWIFT_VERSION = 5.0;
				TARGETED_DEVICE_FAMILY = "1,2";
				TEST_TARGET_NAME = TableViewApp2;
			};
			name = Debug;
		};
		3F3A25132BA372AD0051C218 /* Release */ = {
			isa = XCBuildConfiguration;
			buildSettings = {
				ALWAYS_EMBED_SWIFT_STANDARD_LIBRARIES = YES;
				CODE_SIGN_STYLE = Automatic;
				CURRENT_PROJECT_VERSION = 1;
				GENERATE_INFOPLIST_FILE = YES;
				MARKETING_VERSION = 1.0;
				PRODUCT_BUNDLE_IDENTIFIER = KClay.TableViewApp2UITests;
				PRODUCT_NAME = "$(TARGET_NAME)";
				SWIFT_EMIT_LOC_STRINGS = NO;
				SWIFT_VERSION = 5.0;
				TARGETED_DEVICE_FAMILY = "1,2";
				TEST_TARGET_NAME = TableViewApp2;
			};
			name = Release;
		};
/* End XCBuildConfiguration section */

/* Begin XCConfigurationList section */
		3F3A24DC2BA372AB0051C218 /* Build configuration list for PBXProject "TableViewApp2" */ = {
			isa = XCConfigurationList;
			buildConfigurations = (
				3F3A25092BA372AD0051C218 /* Debug */,
				3F3A250A2BA372AD0051C218 /* Release */,
			);
			defaultConfigurationIsVisible = 0;
			defaultConfigurationName = Release;
		};
		3F3A250B2BA372AD0051C218 /* Build configuration list for PBXNativeTarget "TableViewApp2" */ = {
			isa = XCConfigurationList;
			buildConfigurations = (
				3F3A250C2BA372AD0051C218 /* Debug */,
				3F3A250D2BA372AD0051C218 /* Release */,
			);
			defaultConfigurationIsVisible = 0;
			defaultConfigurationName = Release;
		};
		3F3A250E2BA372AD0051C218 /* Build configuration list for PBXNativeTarget "TableViewApp2Tests" */ = {
			isa = XCConfigurationList;
			buildConfigurations = (
				3F3A250F2BA372AD0051C218 /* Debug */,
				3F3A25102BA372AD0051C218 /* Release */,
			);
			defaultConfigurationIsVisible = 0;
			defaultConfigurationName = Release;
		};
		3F3A25112BA372AD0051C218 /* Build configuration list for PBXNativeTarget "TableViewApp2UITests" */ = {
			isa = XCConfigurationList;
			buildConfigurations = (
				3F3A25122BA372AD0051C218 /* Debug */,
				3F3A25132BA372AD0051C218 /* Release */,
			);
			defaultConfigurationIsVisible = 0;
			defaultConfigurationName = Release;
		};
/* End XCConfigurationList section */
	};
	rootObject = 3F3A24D92BA372AB0051C218 /* Project object */;
}
